// !$*UTF8*$!
{
	archiveVersion = 1;
	classes = {
	};
	objectVersion = 77;
	objects = {

/* Begin PBXBuildFile section */
		ECAD583D3004A88C003F0B52 /* translator.py in Resources */ = {isa = PBXBuildFile; fileRef = ECAD583C3004A88C003F0B52 /* translator.py */; };
		ECB14D0F2FC45CA4005023DD /* Strings+Extensions.swift in Sources */ = {isa = PBXBuildFile; fileRef = ECB14D0E2FC45CA4005023DD /* Strings+Extensions.swift */; };
		ECB803F12FE28DBE00CEE720 /* ContentViewModel.swift in Sources */ = {isa = PBXBuildFile; fileRef = ECB803F02FE28DA900CEE720 /* ContentViewModel.swift */; };
		ECC5083E2FBDAB70008A1EFA /* Assets.xcassets in Resources */ = {isa = PBXBuildFile; fileRef = ECC5083A2FBDAB70008A1EFA /* Assets.xcassets */; };
		ECC5083F2FBDAB70008A1EFA /* ContentView.swift in Sources */ = {isa = PBXBuildFile; fileRef = ECC5083B2FBDAB70008A1EFA /* ContentView.swift */; };
		ECC508402FBDAB70008A1EFA /* StringTranslatorDemoApp.swift in Sources */ = {isa = PBXBuildFile; fileRef = ECC5083C2FBDAB70008A1EFA /* StringTranslatorDemoApp.swift */; };
		ECC508472FBDAD88008A1EFA /* translator.py in Resources */ = {isa = PBXBuildFile; fileRef = ECC508462FBDAD88008A1EFA /* translator.py */; };
		ECD6B4CA2FBF342C00C60F2B /* Localizable.xcstrings in Resources */ = {isa = PBXBuildFile; fileRef = ECD6B4C92FBF342C00C60F2B /* Localizable.xcstrings */; };
/* End PBXBuildFile section */

/* Begin PBXFileReference section */
		EC9DDF8F2FC026F50037993D /* README.md */ = {isa = PBXFileReference; lastKnownFileType = net.daringfireball.markdown; path = README.md; sourceTree = "<group>"; };
		ECAD583C3004A88C003F0B52 /* translator.py */ = {isa = PBXFileReference; lastKnownFileType = text.script.python; path = translator.py; sourceTree = "<group>"; };
		ECB14D0E2FC45CA4005023DD /* Strings+Extensions.swift */ = {isa = PBXFileReference; lastKnownFileType = sourcecode.swift; path = "Strings+Extensions.swift"; sourceTree = "<group>"; };
		ECB803F02FE28DA900CEE720 /* ContentViewModel.swift */ = {isa = PBXFileReference; lastKnownFileType = sourcecode.swift; path = ContentViewModel.swift; sourceTree = "<group>"; };
		ECC5082C2FBDAB45008A1EFA /* StringTranslatorDemo.app */ = {isa = PBXFileReference; explicitFileType = wrapper.application; includeInIndex = 0; path = StringTranslatorDemo.app; sourceTree = BUILT_PRODUCTS_DIR; };
		ECC5083A2FBDAB70008A1EFA /* Assets.xcassets */ = {isa = PBXFileReference; lastKnownFileType = folder.assetcatalog; path = Assets.xcassets; sourceTree = "<group>"; };
		ECC5083B2FBDAB70008A1EFA /* ContentView.swift */ = {isa = PBXFileReference; lastKnownFileType = sourcecode.swift; path = ContentView.swift; sourceTree = "<group>"; };
		ECC5083C2FBDAB70008A1EFA /* StringTranslatorDemoApp.swift */ = {isa = PBXFileReference; lastKnownFileType = sourcecode.swift; path = StringTranslatorDemoApp.swift; sourceTree = "<group>"; };
		ECC508462FBDAD88008A1EFA /* translator.py */ = {isa = PBXFileReference; lastKnownFileType = text.script.python; path = translator.py; sourceTree = "<group>"; };
		ECD6B4C92FBF342C00C60F2B /* Localizable.xcstrings */ = {isa = PBXFileReference; lastKnownFileType = text.json.xcstrings; path = Localizable.xcstrings; sourceTree = "<group>"; };
/* End PBXFileReference section */

/* Begin PBXFrameworksBuildPhase section */
		ECC508292FBDAB45008A1EFA /* Frameworks */ = {
			isa = PBXFrameworksBuildPhase;
			buildActionMask = 2147483647;
			files = (
			);
			runOnlyForDeploymentPostprocessing = 0;
		};
/* End PBXFrameworksBuildPhase section */

/* Begin PBXGroup section */
		ECB14D0D2FC45C6F005023DD /* Extensions */ = {
			isa = PBXGroup;
			children = (
				ECB14D0E2FC45CA4005023DD /* Strings+Extensions.swift */,
			);
			path = Extensions;
			sourceTree = "<group>";
		};
		ECC508232FBDAB45008A1EFA = {
			isa = PBXGroup;
			children = (
				EC9DDF8F2FC026F50037993D /* README.md */,
				ECAD583C3004A88C003F0B52 /* translator.py */,
				ECC5083D2FBDAB70008A1EFA /* StringTranslatorDemo */,
				ECC5082D2FBDAB45008A1EFA /* Products */,
			);
			sourceTree = "<group>";
		};
		ECC5082D2FBDAB45008A1EFA /* Products */ = {
			isa = PBXGroup;
			children = (
				ECC5082C2FBDAB45008A1EFA /* StringTranslatorDemo.app */,
			);
			name = Products;
			sourceTree = "<group>";
		};
		ECC5083D2FBDAB70008A1EFA /* StringTranslatorDemo */ = {
			isa = PBXGroup;
			children = (
				ECB14D0D2FC45C6F005023DD /* Extensions */,
				ECC508412FBDAB73008A1EFA /* Resources */,
				ECC5083B2FBDAB70008A1EFA /* ContentView.swift */,
				ECB803F02FE28DA900CEE720 /* ContentViewModel.swift */,
				ECC5083C2FBDAB70008A1EFA /* StringTranslatorDemoApp.swift */,
			);
			path = StringTranslatorDemo;
			sourceTree = "<group>";
		};
		ECC508412FBDAB73008A1EFA /* Resources */ = {
			isa = PBXGroup;
			children = (
				ECD6B4C92FBF342C00C60F2B /* Localizable.xcstrings */,
				ECC508462FBDAD88008A1EFA /* translator.py */,
				ECC5083A2FBDAB70008A1EFA /* Assets.xcassets */,
			);
			path = Resources;
			sourceTree = "<group>";
		};
/* End PBXGroup section */

/* Begin PBXNativeTarget section */
		ECC5082B2FBDAB45008A1EFA /* StringTranslatorDemo */ = {
			isa = PBXNativeTarget;
			buildConfigurationList = ECC508372FBDAB46008A1EFA /* Build configuration list for PBXNativeTarget "StringTranslatorDemo" */;
			buildPhases = (
				ECC508282FBDAB45008A1EFA /* Sources */,
				ECC508292FBDAB45008A1EFA /* Frameworks */,
				ECC5082A2FBDAB45008A1EFA /* Resources */,
				ECC5084A2FBDADD3008A1EFA /* Translate Strings */,
			);
			buildRules = (
			);
			dependencies = (
			);
			name = StringTranslatorDemo;
			packageProductDependencies = (
			);
			productName = StringTranslatorDemo;
			productReference = ECC5082C2FBDAB45008A1EFA /* StringTranslatorDemo.app */;
			productType = "com.apple.product-type.application";
		};
/* End PBXNativeTarget section */

/* Begin PBXProject section */
		ECC508242FBDAB45008A1EFA /* Project object */ = {
			isa = PBXProject;
			attributes = {
				BuildIndependentTargetsInParallel = 1;
				LastSwiftUpdateCheck = 2650;
				LastUpgradeCheck = 2650;
				TargetAttributes = {
					ECC5082B2FBDAB45008A1EFA = {
						CreatedOnToolsVersion = 26.5;
					};
				};
			};
			buildConfigurationList = ECC508272FBDAB45008A1EFA /* Build configuration list for PBXProject "StringTranslatorDemo" */;
			developmentRegion = en;
			hasScannedForEncodings = 0;
			knownRegions = (
				en,
				bn,
				hi,
				ta,
				te,
				mr,
				"pt-BR",
				de,
				fr,
				es,
				id,
				zu,
				af,
				hr,
			);
			mainGroup = ECC508232FBDAB45008A1EFA;
			minimizedProjectReferenceProxies = 1;
			preferredProjectObjectVersion = 77;
			productRefGroup = ECC5082D2FBDAB45008A1EFA /* Products */;
			projectDirPath = "";
			projectRoot = "";
			targets = (
				ECC5082B2FBDAB45008A1EFA /* StringTranslatorDemo */,
			);
		};
/* End PBXProject section */

/* Begin PBXResourcesBuildPhase section */
		ECC5082A2FBDAB45008A1EFA /* Resources */ = {
			isa = PBXResourcesBuildPhase;
			buildActionMask = 2147483647;
			files = (
				ECC508472FBDAD88008A1EFA /* translator.py in Resources */,
				ECC5083E2FBDAB70008A1EFA /* Assets.xcassets in Resources */,
				ECAD583D3004A88C003F0B52 /* translator.py in Resources */,
				ECD6B4CA2FBF342C00C60F2B /* Localizable.xcstrings in Resources */,
			);
			runOnlyForDeploymentPostprocessing = 0;
		};
/* End PBXResourcesBuildPhase section */

/* Begin PBXShellScriptBuildPhase section */
		ECC5084A2FBDADD3008A1EFA /* Translate Strings */ = {
			isa = PBXShellScriptBuildPhase;
			alwaysOutOfDate = 1;
			buildActionMask = 2147483647;
			files = (
			);
			inputFileListPaths = (
			);
			inputPaths = (
			);
			name = "Translate Strings";
			outputFileListPaths = (
			);
			outputPaths = (
			);
			runOnlyForDeploymentPostprocessing = 0;
			shellPath = /bin/sh;
			shellScript = "\nset -euo pipefail   # optional – fail fast on unexpected errors\n\nif [ -n \"${CI:-}\" ] || [ -n \"${XCODE_CLOUD:-}\" ]; then\n    echo \"⏭️ CI detected (CI=$CI) – skipping translator script.\"\n    exit 0\nfi\n\n# 2️⃣  Proceed only for the Debug configuration\nif [ \"$CONFIGURATION\" = \"Debug\" ]; then\n    echo \"▶️ Running debug‑only translator script\"\n\n    SCRIPT_PATH=\"${SRCROOT}/StringTranslatorDemo/Resources/translator.py\"\n    RESOURCE_DIR=\"${SRCROOT}/StringTranslatorDemo/Resources\"\n\n    if [ ! -f \"$SCRIPT_PATH\" ]; then\n        echo \"❗️ ERROR: Python script not found: $SCRIPT_PATH\"\n        exit 1\n    fi\n\n    /usr/bin/env python3 \"$SCRIPT_PATH\" \\\n        --resource-dir \"$RESOURCE_DIR\" \\\n        --no-interactive\nelse\n    echo \"⏭️ Skipping translator – not a Debug build (CONFIGURATION=$CONFIGURATION)\"\nfi\n";
		};
/* End PBXShellScriptBuildPhase section */

/* Begin PBXSourcesBuildPhase section */
		ECC508282FBDAB45008A1EFA /* Sources */ = {
			isa = PBXSourcesBuildPhase;
			buildActionMask = 2147483647;
			files = (
				ECB803F12FE28DBE00CEE720 /* ContentViewModel.swift in Sources */,
				ECB14D0F2FC45CA4005023DD /* Strings+Extensions.swift in Sources */,
				ECC5083F2FBDAB70008A1EFA /* ContentView.swift in Sources */,
				ECC508402FBDAB70008A1EFA /* StringTranslatorDemoApp.swift in Sources */,
			);
			runOnlyForDeploymentPostprocessing = 0;
		};
/* End PBXSourcesBuildPhase section */

/* Begin XCBuildConfiguration section */
		ECC508352FBDAB46008A1EFA /* Debug */ = {
			isa = XCBuildConfiguration;
			buildSettings = {
				ALWAYS_SEARCH_USER_PATHS = NO;
				ASSETCATALOG_COMPILER_GENERATE_SWIFT_ASSET_SYMBOL_EXTENSIONS = YES;
				CLANG_ANALYZER_LOCALIZABILITY_NONLOCALIZED = YES;
				CLANG_ANALYZER_NONNULL = YES;
				CLANG_ANALYZER_NUMBER_OBJECT_CONVERSION = YES_AGGRESSIVE;
				CLANG_CXX_LANGUAGE_STANDARD = "gnu++20";
				CLANG_ENABLE_MODULES = YES;
				CLANG_ENABLE_OBJC_ARC = YES;
				CLANG_ENABLE_OBJC_WEAK = YES;
				CLANG_WARN_BLOCK_CAPTURE_AUTORELEASING = YES;
				CLANG_WARN_BOOL_CONVERSION = YES;
				CLANG_WARN_COMMA = YES;
				CLANG_WARN_CONSTANT_CONVERSION = YES;
				CLANG_WARN_DEPRECATED_OBJC_IMPLEMENTATIONS = YES;
				CLANG_WARN_DIRECT_OBJC_ISA_USAGE = YES_ERROR;
				CLANG_WARN_DOCUMENTATION_COMMENTS = YES;
				CLANG_WARN_EMPTY_BODY = YES;
				CLANG_WARN_ENUM_CONVERSION = YES;
				CLANG_WARN_INFINITE_RECURSION = YES;
				CLANG_WARN_INT_CONVERSION = YES;
				CLANG_WARN_NON_LITERAL_NULL_CONVERSION = YES;
				CLANG_WARN_OBJC_IMPLICIT_RETAIN_SELF = YES;
				CLANG_WARN_OBJC_LITERAL_CONVERSION = YES;
				CLANG_WARN_OBJC_ROOT_CLASS = YES_ERROR;
				CLANG_WARN_QUOTED_INCLUDE_IN_FRAMEWORK_HEADER = YES;
				CLANG_WARN_RANGE_LOOP_ANALYSIS = YES;
				CLANG_WARN_STRICT_PROTOTYPES = YES;
				CLANG_WARN_SUSPICIOUS_MOVE = YES;
				CLANG_WARN_UNGUARDED_AVAILABILITY = YES_AGGRESSIVE;
				CLANG_WARN_UNREACHABLE_CODE = YES;
				CLANG_WARN__DUPLICATE_METHOD_MATCH = YES;
				COPY_PHASE_STRIP = NO;
				DEBUG_INFORMATION_FORMAT = dwarf;
				ENABLE_STRICT_OBJC_MSGSEND = YES;
				ENABLE_TESTABILITY = YES;
				ENABLE_USER_SCRIPT_SANDBOXING = YES;
				GCC_C_LANGUAGE_STANDARD = gnu17;
				GCC_DYNAMIC_NO_PIC = NO;
				GCC_NO_COMMON_BLOCKS = YES;
				GCC_OPTIMIZATION_LEVEL = 0;
				GCC_PREPROCESSOR_DEFINITIONS = (
					"DEBUG=1",
					"$(inherited)",
				);
				GCC_WARN_64_TO_32_BIT_CONVERSION = YES;
				GCC_WARN_ABOUT_RETURN_TYPE = YES_ERROR;
				GCC_WARN_UNDECLARED_SELECTOR = YES;
				GCC_WARN_UNINITIALIZED_AUTOS = YES_AGGRESSIVE;
				GCC_WARN_UNUSED_FUNCTION = YES;
				GCC_WARN_UNUSED_VARIABLE = YES;
				IPHONEOS_DEPLOYMENT_TARGET = 26.5;
				LOCALIZATION_PREFERS_STRING_CATALOGS = YES;
				MTL_ENABLE_DEBUG_INFO = INCLUDE_SOURCE;
				MTL_FAST_MATH = YES;
				ONLY_ACTIVE_ARCH = YES;
				SDKROOT = iphoneos;
				SWIFT_ACTIVE_COMPILATION_CONDITIONS = "DEBUG $(inherited)";
				SWIFT_OPTIMIZATION_LEVEL = "-Onone";
			};
			name = Debug;
		};
		ECC508362FBDAB46008A1EFA /* Release */ = {
			isa = XCBuildConfiguration;
			buildSettings = {
				ALWAYS_SEARCH_USER_PATHS = NO;
				ASSETCATALOG_COMPILER_GENERATE_SWIFT_ASSET_SYMBOL_EXTENSIONS = YES;
				CLANG_ANALYZER_LOCALIZABILITY_NONLOCALIZED = YES;
				CLANG_ANALYZER_NONNULL = YES;
				CLANG_ANALYZER_NUMBER_OBJECT_CONVERSION = YES_AGGRESSIVE;
				CLANG_CXX_LANGUAGE_STANDARD = "gnu++20";
				CLANG_ENABLE_MODULES = YES;
				CLANG_ENABLE_OBJC_ARC = YES;
				CLANG_ENABLE_OBJC_WEAK = YES;
				CLANG_WARN_BLOCK_CAPTURE_AUTORELEASING = YES;
				CLANG_WARN_BOOL_CONVERSION = YES;
				CLANG_WARN_COMMA = YES;
				CLANG_WARN_CONSTANT_CONVERSION = YES;
				CLANG_WARN_DEPRECATED_OBJC_IMPLEMENTATIONS = YES;
				CLANG_WARN_DIRECT_OBJC_ISA_USAGE = YES_ERROR;
				CLANG_WARN_DOCUMENTATION_COMMENTS = YES;
				CLANG_WARN_EMPTY_BODY = YES;
				CLANG_WARN_ENUM_CONVERSION = YES;
				CLANG_WARN_INFINITE_RECURSION = YES;
				CLANG_WARN_INT_CONVERSION = YES;
				CLANG_WARN_NON_LITERAL_NULL_CONVERSION = YES;
				CLANG_WARN_OBJC_IMPLICIT_RETAIN_SELF = YES;
				CLANG_WARN_OBJC_LITERAL_CONVERSION = YES;
				CLANG_WARN_OBJC_ROOT_CLASS = YES_ERROR;
				CLANG_WARN_QUOTED_INCLUDE_IN_FRAMEWORK_HEADER = YES;
				CLANG_WARN_RANGE_LOOP_ANALYSIS = YES;
				CLANG_WARN_STRICT_PROTOTYPES = YES;
				CLANG_WARN_SUSPICIOUS_MOVE = YES;
				CLANG_WARN_UNGUARDED_AVAILABILITY = YES_AGGRESSIVE;
				CLANG_WARN_UNREACHABLE_CODE = YES;
				CLANG_WARN__DUPLICATE_METHOD_MATCH = YES;
				COPY_PHASE_STRIP = NO;
				DEBUG_INFORMATION_FORMAT = "dwarf-with-dsym";
				ENABLE_NS_ASSERTIONS = NO;
				ENABLE_STRICT_OBJC_MSGSEND = YES;
				ENABLE_USER_SCRIPT_SANDBOXING = YES;
				GCC_C_LANGUAGE_STANDARD = gnu17;
				GCC_NO_COMMON_BLOCKS = YES;
				GCC_WARN_64_TO_32_BIT_CONVERSION = YES;
				GCC_WARN_ABOUT_RETURN_TYPE = YES_ERROR;
				GCC_WARN_UNDECLARED_SELECTOR = YES;
				GCC_WARN_UNINITIALIZED_AUTOS = YES_AGGRESSIVE;
				GCC_WARN_UNUSED_FUNCTION = YES;
				GCC_WARN_UNUSED_VARIABLE = YES;
				IPHONEOS_DEPLOYMENT_TARGET = 26.5;
				LOCALIZATION_PREFERS_STRING_CATALOGS = YES;
				MTL_ENABLE_DEBUG_INFO = NO;
				MTL_FAST_MATH = YES;
				SDKROOT = iphoneos;
				SWIFT_COMPILATION_MODE = wholemodule;
				VALIDATE_PRODUCT = YES;
			};
			name = Release;
		};
		ECC508382FBDAB46008A1EFA /* Debug */ = {
			isa = XCBuildConfiguration;
			buildSettings = {
				ASSETCATALOG_COMPILER_APPICON_NAME = AppIcon;
				ASSETCATALOG_COMPILER_GLOBAL_ACCENT_COLOR_NAME = AccentColor;
				CODE_SIGN_STYLE = Automatic;
				CURRENT_PROJECT_VERSION = 1;
				ENABLE_PREVIEWS = YES;
				ENABLE_USER_SCRIPT_SANDBOXING = NO;
				GENERATE_INFOPLIST_FILE = YES;
				INFOPLIST_KEY_UIApplicationSceneManifest_Generation = YES;
				INFOPLIST_KEY_UIApplicationSupportsIndirectInputEvents = YES;
				INFOPLIST_KEY_UILaunchScreen_Generation = YES;
				INFOPLIST_KEY_UISupportedInterfaceOrientations_iPad = "UIInterfaceOrientationPortrait UIInterfaceOrientationPortraitUpsideDown UIInterfaceOrientationLandscapeLeft UIInterfaceOrientationLandscapeRight";
				INFOPLIST_KEY_UISupportedInterfaceOrientations_iPhone = "UIInterfaceOrientationPortrait UIInterfaceOrientationLandscapeLeft UIInterfaceOrientationLandscapeRight";
				IPHONEOS_DEPLOYMENT_TARGET = 17.0;
				LD_RUNPATH_SEARCH_PATHS = (
					"$(inherited)",
					"@executable_path/Frameworks",
				);
				MARKETING_VERSION = 1.0;
				PRODUCT_BUNDLE_IDENTIFIER = bandan.StringTranslatorDemo;
				PRODUCT_NAME = "$(TARGET_NAME)";
				STRING_CATALOG_GENERATE_SYMBOLS = YES;
				SWIFT_APPROACHABLE_CONCURRENCY = YES;
				SWIFT_DEFAULT_ACTOR_ISOLATION = MainActor;
				SWIFT_EMIT_LOC_STRINGS = YES;
				SWIFT_UPCOMING_FEATURE_MEMBER_IMPORT_VISIBILITY = YES;
				SWIFT_VERSION = 5.0;
				TARGETED_DEVICE_FAMILY = "1,2";
			};
			name = Debug;
		};
		ECC508392FBDAB46008A1EFA /* Release */ = {
			isa = XCBuildConfiguration;
			buildSettings = {
				ASSETCATALOG_COMPILER_APPICON_NAME = AppIcon;
				ASSETCATALOG_COMPILER_GLOBAL_ACCENT_COLOR_NAME = AccentColor;
				CODE_SIGN_STYLE = Automatic;
				CURRENT_PROJECT_VERSION = 1;
				ENABLE_PREVIEWS = YES;
				ENABLE_USER_SCRIPT_SANDBOXING = NO;
				GENERATE_INFOPLIST_FILE = YES;
				INFOPLIST_KEY_UIApplicationSceneManifest_Generation = YES;
				INFOPLIST_KEY_UIApplicationSupportsIndirectInputEvents = YES;
				INFOPLIST_KEY_UILaunchScreen_Generation = YES;
				INFOPLIST_KEY_UISupportedInterfaceOrientations_iPad = "UIInterfaceOrientationPortrait UIInterfaceOrientationPortraitUpsideDown UIInterfaceOrientationLandscapeLeft UIInterfaceOrientationLandscapeRight";
				INFOPLIST_KEY_UISupportedInterfaceOrientations_iPhone = "UIInterfaceOrientationPortrait UIInterfaceOrientationLandscapeLeft UIInterfaceOrientationLandscapeRight";
				IPHONEOS_DEPLOYMENT_TARGET = 17.0;
				LD_RUNPATH_SEARCH_PATHS = (
					"$(inherited)",
					"@executable_path/Frameworks",
				);
				MARKETING_VERSION = 1.0;
				PRODUCT_BUNDLE_IDENTIFIER = bandan.StringTranslatorDemo;
				PRODUCT_NAME = "$(TARGET_NAME)";
				STRING_CATALOG_GENERATE_SYMBOLS = YES;
				SWIFT_APPROACHABLE_CONCURRENCY = YES;
				SWIFT_DEFAULT_ACTOR_ISOLATION = MainActor;
				SWIFT_EMIT_LOC_STRINGS = YES;
				SWIFT_UPCOMING_FEATURE_MEMBER_IMPORT_VISIBILITY = YES;
				SWIFT_VERSION = 5.0;
				TARGETED_DEVICE_FAMILY = "1,2";
			};
			name = Release;
		};
/* End XCBuildConfiguration section */

/* Begin XCConfigurationList section */
		ECC508272FBDAB45008A1EFA /* Build configuration list for PBXProject "StringTranslatorDemo" */ = {
			isa = XCConfigurationList;
			buildConfigurations = (
				ECC508352FBDAB46008A1EFA /* Debug */,
				ECC508362FBDAB46008A1EFA /* Release */,
			);
			defaultConfigurationIsVisible = 0;
			defaultConfigurationName = Release;
		};
		ECC508372FBDAB46008A1EFA /* Build configuration list for PBXNativeTarget "StringTranslatorDemo" */ = {
			isa = XCConfigurationList;
			buildConfigurations = (
				ECC508382FBDAB46008A1EFA /* Debug */,
				ECC508392FBDAB46008A1EFA /* Release */,
			);
			defaultConfigurationIsVisible = 0;
			defaultConfigurationName = Release;
		};
/* End XCConfigurationList section */
	};
	rootObject = ECC508242FBDAB45008A1EFA /* Project object */;
}
